
Microsoft Visual Studio Solution File, Format Version 12.00
# Visual Studio 15
VisualStudioVersion = 15.0.27703.2035
MinimumVisualStudioVersion = 10.0.40219.1
Project("{FAE04EC0-301F-11D3-BF4B-00C04F79EFBC}") = "ProvVe.MachineService.Service", "ProvVe.MachineService.Service\ProvVe.MachineService.Service.csproj", "{5659E8C4-D9FD-483B-AB1C-589A820DD2D5}"
EndProject
Project("{2150E333-8FDC-42A3-9474-1A3956D46DE8}") = "Clients", "Clients", "{6D7A1BD1-E378-4484-8DE1-D404AC2CC5F9}"
EndProject
Project("{FAE04EC0-301F-11D3-BF4B-00C04F79EFBC}") = "ProvVe.MachineService.ConsoleApp", "ProvVe.MachineService.ConsoleApp\ProvVe.MachineService.ConsoleApp.csproj", "{E06A984E-D660-48DB-AE4D-665124AA9544}"
	ProjectSection(ProjectDependencies) = postProject
		{5659E8C4-D9FD-483B-AB1C-589A820DD2D5} = {5659E8C4-D9FD-483B-AB1C-589A820DD2D5}
	EndProjectSection
EndProject
Project("{FAE04EC0-301F-11D3-BF4B-00C04F79EFBC}") = "ProvVe.MachineService.WindowsApp", "ProvVe.MachineService.WindowsApp\ProvVe.MachineService.WindowsApp.csproj", "{13AA7216-6125-4629-AD85-905874BAD689}"
	ProjectSection(ProjectDependencies) = postProject
		{5659E8C4-D9FD-483B-AB1C-589A820DD2D5} = {5659E8C4-D9FD-483B-AB1C-589A820DD2D5}
	EndProjectSection
EndProject
Project("{9A19103F-16F7-4668-BE54-9A1E7A4F7556}") = "ProvVe.MachineService.WindowsApp.ViewModels", "ProvVe.MachineService.WindowsApp.ViewModels\ProvVe.MachineService.WindowsApp.ViewModels.csproj", "{12C80DAB-D2F1-4434-BBC1-E3177122B331}"
EndProject
Project("{FAE04EC0-301F-11D3-BF4B-00C04F79EFBC}") = "ProvVe.MachineService.ModernWindowsApp", "ProvVe.MachineService.ModernWindowsApp\ProvVe.MachineService.ModernWindowsApp.csproj", "{B3226317-7C64-4862-ADF1-AEAC508A33C5}"
	ProjectSection(ProjectDependencies) = postProject
		{5659E8C4-D9FD-483B-AB1C-589A820DD2D5} = {5659E8C4-D9FD-483B-AB1C-589A820DD2D5}
	EndProjectSection
EndProject
Project("{9A19103F-16F7-4668-BE54-9A1E7A4F7556}") = "ProvVe.MachineService.NetworkMessages", "ProvVe.MachineService.NetworkMessages\ProvVe.MachineService.NetworkMessages.csproj", "{7E2B1E9F-3C7C-4A63-89D8-65D134968481}"
EndProject
Project("{2150E333-8FDC-42A3-9474-1A3956D46DE8}") = "Servers", "Servers", "{0776707B-70B2-4976-AFF1-A05AE8D48079}"
EndProject
Project("{2150E333-8FDC-42A3-9474-1A3956D46DE8}") = "Docs", "Docs", "{29BEA41D-A38D-4116-BFA6-E380AF4D8EB9}"
	ProjectSection(SolutionItems) = preProject
		Appunti.txt = Appunti.txt
	EndProjectSection
EndProject
Project("{FAE04EC0-301F-11D3-BF4B-00C04F79EFBC}") = "ProvVe.MachineService.WindowsServiceHost", "ProvVe.MachineService.WindowsServiceHost\ProvVe.MachineService.WindowsServiceHost.csproj", "{7D5EC1B9-7DDF-492D-B26A-EFB7C49DF060}"
EndProject
Project("{FAE04EC0-301F-11D3-BF4B-00C04F79EFBC}") = "ProvVe.MachineService.ConsoleHost", "ProvVe.MachineService.ConsoleHost\ProvVe.MachineService.ConsoleHost.csproj", "{14CCB187-4F02-471D-A45D-84BCBAB279E6}"
EndProject
Project("{FAE04EC0-301F-11D3-BF4B-00C04F79EFBC}") = "ProvVe.MachineService.BusinessLayer", "ProvVe.MachineService.BusinessLayer\ProvVe.MachineService.BusinessLayer.csproj", "{D8C4B519-B115-4A80-BEEA-79CF1C670580}"
EndProject
Project("{FAE04EC0-301F-11D3-BF4B-00C04F79EFBC}") = "ProvVe.MachineService.Interfaces", "ProvVe.MachineService.Interfaces\ProvVe.MachineService.Interfaces.csproj", "{B52B48D6-C247-40AE-9742-8A5766B43CF2}"
EndProject
Global
	GlobalSection(SolutionConfigurationPlatforms) = preSolution
		Debug|Any CPU = Debug|Any CPU
		Release|Any CPU = Release|Any CPU
	EndGlobalSection
	GlobalSection(ProjectConfigurationPlatforms) = postSolution
		{5659E8C4-D9FD-483B-AB1C-589A820DD2D5}.Debug|Any CPU.ActiveCfg = Debug|Any CPU
		{5659E8C4-D9FD-483B-AB1C-589A820DD2D5}.Debug|Any CPU.Build.0 = Debug|Any CPU
		{5659E8C4-D9FD-483B-AB1C-589A820DD2D5}.Release|Any CPU.ActiveCfg = Release|Any CPU
		{5659E8C4-D9FD-483B-AB1C-589A820DD2D5}.Release|Any CPU.Build.0 = Release|Any CPU
		{E06A984E-D660-48DB-AE4D-665124AA9544}.Debug|Any CPU.ActiveCfg = Debug|Any CPU
		{E06A984E-D660-48DB-AE4D-665124AA9544}.Debug|Any CPU.Build.0 = Debug|Any CPU
		{E06A984E-D660-48DB-AE4D-665124AA9544}.Release|Any CPU.ActiveCfg = Release|Any CPU
		{E06A984E-D660-48DB-AE4D-665124AA9544}.Release|Any CPU.Build.0 = Release|Any CPU
		{13AA7216-6125-4629-AD85-905874BAD689}.Debug|Any CPU.ActiveCfg = Debug|Any CPU
		{13AA7216-6125-4629-AD85-905874BAD689}.Debug|Any CPU.Build.0 = Debug|Any CPU
		{13AA7216-6125-4629-AD85-905874BAD689}.Release|Any CPU.ActiveCfg = Release|Any CPU
		{13AA7216-6125-4629-AD85-905874BAD689}.Release|Any CPU.Build.0 = Release|Any CPU
		{12C80DAB-D2F1-4434-BBC1-E3177122B331}.Debug|Any CPU.ActiveCfg = Debug|Any CPU
		{12C80DAB-D2F1-4434-BBC1-E3177122B331}.Debug|Any CPU.Build.0 = Debug|Any CPU
		{12C80DAB-D2F1-4434-BBC1-E3177122B331}.Release|Any CPU.ActiveCfg = Release|Any CPU
		{12C80DAB-D2F1-4434-BBC1-E3177122B331}.Release|Any CPU.Build.0 = Release|Any CPU
		{B3226317-7C64-4862-ADF1-AEAC508A33C5}.Debug|Any CPU.ActiveCfg = Debug|Any CPU
		{B3226317-7C64-4862-ADF1-AEAC508A33C5}.Debug|Any CPU.Build.0 = Debug|Any CPU
		{B3226317-7C64-4862-ADF1-AEAC508A33C5}.Release|Any CPU.ActiveCfg = Release|Any CPU
		{B3226317-7C64-4862-ADF1-AEAC508A33C5}.Release|Any CPU.Build.0 = Release|Any CPU
		{7E2B1E9F-3C7C-4A63-89D8-65D134968481}.Debug|Any CPU.ActiveCfg = Debug|Any CPU
		{7E2B1E9F-3C7C-4A63-89D8-65D134968481}.Debug|Any CPU.Build.0 = Debug|Any CPU
		{7E2B1E9F-3C7C-4A63-89D8-65D134968481}.Release|Any CPU.ActiveCfg = Release|Any CPU
		{7E2B1E9F-3C7C-4A63-89D8-65D134968481}.Release|Any CPU.Build.0 = Release|Any CPU
		{7D5EC1B9-7DDF-492D-B26A-EFB7C49DF060}.Debug|Any CPU.ActiveCfg = Debug|Any CPU
		{7D5EC1B9-7DDF-492D-B26A-EFB7C49DF060}.Debug|Any CPU.Build.0 = Debug|Any CPU
		{7D5EC1B9-7DDF-492D-B26A-EFB7C49DF060}.Release|Any CPU.ActiveCfg = Release|Any CPU
		{7D5EC1B9-7DDF-492D-B26A-EFB7C49DF060}.Release|Any CPU.Build.0 = Release|Any CPU
		{14CCB187-4F02-471D-A45D-84BCBAB279E6}.Debug|Any CPU.ActiveCfg = Debug|Any CPU
		{14CCB187-4F02-471D-A45D-84BCBAB279E6}.Debug|Any CPU.Build.0 = Debug|Any CPU
		{14CCB187-4F02-471D-A45D-84BCBAB279E6}.Release|Any CPU.ActiveCfg = Release|Any CPU
		{14CCB187-4F02-471D-A45D-84BCBAB279E6}.Release|Any CPU.Build.0 = Release|Any CPU
		{D8C4B519-B115-4A80-BEEA-79CF1C670580}.Debug|Any CPU.ActiveCfg = Debug|Any CPU
		{D8C4B519-B115-4A80-BEEA-79CF1C670580}.Debug|Any CPU.Build.0 = Debug|Any CPU
		{D8C4B519-B115-4A80-BEEA-79CF1C670580}.Release|Any CPU.ActiveCfg = Release|Any CPU
		{D8C4B519-B115-4A80-BEEA-79CF1C670580}.Release|Any CPU.Build.0 = Release|Any CPU
		{B52B48D6-C247-40AE-9742-8A5766B43CF2}.Debug|Any CPU.ActiveCfg = Debug|Any CPU
		{B52B48D6-C247-40AE-9742-8A5766B43CF2}.Debug|Any CPU.Build.0 = Debug|Any CPU
		{B52B48D6-C247-40AE-9742-8A5766B43CF2}.Release|Any CPU.ActiveCfg = Release|Any CPU
		{B52B48D6-C247-40AE-9742-8A5766B43CF2}.Release|Any CPU.Build.0 = Release|Any CPU
	EndGlobalSection
	GlobalSection(SolutionProperties) = preSolution
		HideSolutionNode = FALSE
	EndGlobalSection
	GlobalSection(NestedProjects) = preSolution
		{5659E8C4-D9FD-483B-AB1C-589A820DD2D5} = {0776707B-70B2-4976-AFF1-A05AE8D48079}
		{E06A984E-D660-48DB-AE4D-665124AA9544} = {6D7A1BD1-E378-4484-8DE1-D404AC2CC5F9}
		{13AA7216-6125-4629-AD85-905874BAD689} = {6D7A1BD1-E378-4484-8DE1-D404AC2CC5F9}
		{12C80DAB-D2F1-4434-BBC1-E3177122B331} = {6D7A1BD1-E378-4484-8DE1-D404AC2CC5F9}
		{B3226317-7C64-4862-ADF1-AEAC508A33C5} = {6D7A1BD1-E378-4484-8DE1-D404AC2CC5F9}
		{7D5EC1B9-7DDF-492D-B26A-EFB7C49DF060} = {0776707B-70B2-4976-AFF1-A05AE8D48079}
		{14CCB187-4F02-471D-A45D-84BCBAB279E6} = {0776707B-70B2-4976-AFF1-A05AE8D48079}
	EndGlobalSection
	GlobalSection(ExtensibilityGlobals) = postSolution
		SolutionGuid = {D1CF5662-00DD-452F-99B8-D2089A81B652}
	EndGlobalSection
EndGlobal
